
Microsoft Visual Studio Solution File, Format Version 12.00
# Visual Studio Version 16
VisualStudioVersion = 16.0.31205.134
MinimumVisualStudioVersion = 10.0.40219.1
Project("{9A19103F-16F7-4668-BE54-9A1E7A4F7556}") = "Navsta", "Navsta\Navsta.csproj", "{CD890E42-F4E5-4754-8E92-AD021CCD352A}"
EndProject
Project("{9A19103F-16F7-4668-BE54-9A1E7A4F7556}") = "NavstaBLL", "NavstaBLL\NavstaBLL.csproj", "{BBF9982D-0541-4F0A-8CBC-E76243CF82B3}"
EndProject
Global
	GlobalSection(SolutionConfigurationPlatforms) = preSolution
		Debug|Any CPU = Debug|Any CPU
		Release|Any CPU = Release|Any CPU
	EndGlobalSection
	GlobalSection(ProjectConfigurationPlatforms) = postSolution
		{CD890E42-F4E5-4754-8E92-AD021CCD352A}.Debug|Any CPU.ActiveCfg = Debug|Any CPU
		{CD890E42-F4E5-4754-8E92-AD021CCD352A}.Debug|Any CPU.Build.0 = Debug|Any CPU
		{CD890E42-F4E5-4754-8E92-AD021CCD352A}.Release|Any CPU.ActiveCfg = Release|Any CPU
		{CD890E42-F4E5-4754-8E92-AD021CCD352A}.Release|Any CPU.Build.0 = Release|Any CPU
		{BBF9982D-0541-4F0A-8CBC-E76243CF82B3}.Debug|Any CPU.ActiveCfg = Debug|Any CPU
		{BBF9982D-0541-4F0A-8CBC-E76243CF82B3}.Debug|Any CPU.Build.0 = Debug|Any CPU
		{BBF9982D-0541-4F0A-8CBC-E76243CF82B3}.Release|Any CPU.ActiveCfg = Release|Any CPU
		{BBF9982D-0541-4F0A-8CBC-E76243CF82B3}.Release|Any CPU.Build.0 = Release|Any CPU
	EndGlobalSection
	GlobalSection(SolutionProperties) = preSolution
		HideSolutionNode = FALSE
	EndGlobalSection
	GlobalSection(ExtensibilityGlobals) = postSolution
		SolutionGuid = {D1AC39E1-516F-47A9-BF25-E134DF165894}
	EndGlobalSection
EndGlobal
